
Microsoft Visual Studio Solution File, Format Version 12.00
# Visual Studio Version 17
VisualStudioVersion = 17.8.34004.107
MinimumVisualStudioVersion = 10.0.40219.1
Project("{FAE04EC0-301F-11D3-BF4B-00C04F79EFBC}") = "MauiMopUp", "MauiMopUp.csproj", "{C493BC80-6A34-4E91-ADBC-087605F92561}"
EndProject
Global
	GlobalSection(SolutionConfigurationPlatforms) = preSolution
		Debug|Any CPU = Debug|Any CPU
		Release|Any CPU = Release|Any CPU
	EndGlobalSection
	GlobalSection(ProjectConfigurationPlatforms) = postSolution
		{C493BC80-6A34-4E91-ADBC-087605F92561}.Debug|Any CPU.ActiveCfg = Debug|Any CPU
		{C493BC80-6A34-4E91-ADBC-087605F92561}.Debug|Any CPU.Build.0 = Debug|Any CPU
		{C493BC80-6A34-4E91-ADBC-087605F92561}.Debug|Any CPU.Deploy.0 = Debug|Any CPU
		{C493BC80-6A34-4E91-ADBC-087605F92561}.Release|Any CPU.ActiveCfg = Release|Any CPU
		{C493BC80-6A34-4E91-ADBC-087605F92561}.Release|Any CPU.Build.0 = Release|Any CPU
		{C493BC80-6A34-4E91-ADBC-087605F92561}.Release|Any CPU.Deploy.0 = Release|Any CPU
	EndGlobalSection
	GlobalSection(SolutionProperties) = preSolution
		HideSolutionNode = FALSE
	EndGlobalSection
	GlobalSection(ExtensibilityGlobals) = postSolution
		SolutionGuid = {DBE1A745-6C3D-4C04-BB29-2E37CC837205}
	EndGlobalSection
EndGlobal
