
Microsoft Visual Studio Solution File, Format Version 12.00
# Visual Studio Version 17
VisualStudioVersion = 17.7.34221.43
MinimumVisualStudioVersion = 10.0.40219.1
Project("{FAE04EC0-301F-11D3-BF4B-00C04F79EFBC}") = "MultiPageNotesApp", "MultiPageNotesApp.csproj", "{7F30B0CC-A34D-4B8D-8D3D-1EA01B4F3EC6}"
EndProject
Global
	GlobalSection(SolutionConfigurationPlatforms) = preSolution
		Debug|Any CPU = Debug|Any CPU
		Release|Any CPU = Release|Any CPU
	EndGlobalSection
	GlobalSection(ProjectConfigurationPlatforms) = postSolution
		{7F30B0CC-A34D-4B8D-8D3D-1EA01B4F3EC6}.Debug|Any CPU.ActiveCfg = Debug|Any CPU
		{7F30B0CC-A34D-4B8D-8D3D-1EA01B4F3EC6}.Debug|Any CPU.Build.0 = Debug|Any CPU
		{7F30B0CC-A34D-4B8D-8D3D-1EA01B4F3EC6}.Debug|Any CPU.Deploy.0 = Debug|Any CPU
		{7F30B0CC-A34D-4B8D-8D3D-1EA01B4F3EC6}.Release|Any CPU.ActiveCfg = Release|Any CPU
		{7F30B0CC-A34D-4B8D-8D3D-1EA01B4F3EC6}.Release|Any CPU.Build.0 = Release|Any CPU
		{7F30B0CC-A34D-4B8D-8D3D-1EA01B4F3EC6}.Release|Any CPU.Deploy.0 = Release|Any CPU
	EndGlobalSection
	GlobalSection(SolutionProperties) = preSolution
		HideSolutionNode = FALSE
	EndGlobalSection
	GlobalSection(ExtensibilityGlobals) = postSolution
		SolutionGuid = {B9D94E1E-E955-4268-9564-CE83D9DB019E}
	EndGlobalSection
EndGlobal
